
Microsoft Visual Studio Solution File, Format Version 11.00
# Visual Studio 2010
Project("{FAE04EC0-301F-11D3-BF4B-00C04F79EFBC}") = "SharpOAuth2.Provider", "SharpOAuth2\SharpOAuth2.Provider.csproj", "{31316DF7-5293-4235-B299-1C172A9BFF79}"
EndProject
Project("{FAE04EC0-301F-11D3-BF4B-00C04F79EFBC}") = "SharpOAuth2.Tests", "SharpOAuth2.Tests\SharpOAuth2.Tests.csproj", "{04E6ED91-9775-4ABE-9B09-12FE6CE8CB36}"
EndProject
Project("{FAE04EC0-301F-11D3-BF4B-00C04F79EFBC}") = "SharpOAuth2.Provider.Globalization", "SharpOAuth2.Globalization\SharpOAuth2.Provider.Globalization.csproj", "{799D94B8-6301-46C2-AFEF-D783429EDF24}"
EndProject
Project("{2150E333-8FDC-42A3-9474-1A3956D46DE8}") = "ExampleService", "ExampleService", "{0821FFC6-038F-492B-9891-0E85EEB68237}"
EndProject
Project("{FAE04EC0-301F-11D3-BF4B-00C04F79EFBC}") = "SharpOAuth2.ClientSite", "SharpOAuth2.ClientSite\SharpOAuth2.ClientSite.csproj", "{B6074FAB-7851-44CB-B149-13DF33DA886B}"
EndProject
Project("{FAE04EC0-301F-11D3-BF4B-00C04F79EFBC}") = "SharpOAuthProvider.Domain", "SharpOAuthProvider.Domain\SharpOAuthProvider.Domain.csproj", "{0207FD36-B7E8-4B35-AAF4-B01A4E4E9286}"
EndProject
Project("{FAE04EC0-301F-11D3-BF4B-00C04F79EFBC}") = "SharpOAuth2.ProviderSite", "SharpOAuth2.ProviderSite\SharpOAuth2.ProviderSite.csproj", "{6832C9C3-68A5-4399-9689-2BF995222B72}"
EndProject
Project("{2150E333-8FDC-42A3-9474-1A3956D46DE8}") = "Solution Items", "Solution Items", "{CC50C505-3CED-473E-959D-0E165504C7A5}"
	ProjectSection(SolutionItems) = preProject
		..\..\README = ..\..\README
	EndProjectSection
EndProject
Project("{FAE04EC0-301F-11D3-BF4B-00C04F79EFBC}") = "SharpOAuth2.Provider.Mvc", "SharpOAuth2.Mvc\SharpOAuth2.Provider.Mvc.csproj", "{2646B9F8-5016-4F27-802D-C1C01D60AC73}"
EndProject
Project("{2150E333-8FDC-42A3-9474-1A3956D46DE8}") = "Provider", "Provider", "{A24751FF-1CEB-495B-B0C0-95785688075B}"
EndProject
Project("{2150E333-8FDC-42A3-9474-1A3956D46DE8}") = "Client", "Client", "{9431D073-7AF1-4C31-9CEF-30FBC6AC1EC6}"
EndProject
Project("{FAE04EC0-301F-11D3-BF4B-00C04F79EFBC}") = "SharpOAuth2.Client", "SharpOAuth2.Client\SharpOAuth2.Client.csproj", "{709C5AAF-8909-4C19-9689-182BCC6707D0}"
EndProject
Project("{2150E333-8FDC-42A3-9474-1A3956D46DE8}") = "OAuth", "OAuth", "{2C04848E-A91C-40FB-B079-32EBCE7EEA33}"
EndProject
Project("{FAE04EC0-301F-11D3-BF4B-00C04F79EFBC}") = "SharpOAuth2.Framework", "SharpOAuth2.Framework\SharpOAuth2.Framework.csproj", "{A01AE1E2-E833-4822-B29B-E07CB69B572F}"
EndProject
Project("{FAE04EC0-301F-11D3-BF4B-00C04F79EFBC}") = "RESTSample", "RESTSample\RESTSample.csproj", "{611C32E3-FB8C-448E-B798-CC7CE1712EF5}"
EndProject
Project("{FAE04EC0-301F-11D3-BF4B-00C04F79EFBC}") = "SharpOAuth2.Provider.ResourceAuthorizationHttpModule", "SharpOAuth2.Provider.ResourceAuthorizationHttpModule\SharpOAuth2.Provider.ResourceAuthorizationHttpModule.csproj", "{2BDCE683-FE10-4B7E-8934-084E24CBA705}"
EndProject
Global
	GlobalSection(SolutionConfigurationPlatforms) = preSolution
		Debug|Any CPU = Debug|Any CPU
		Release|Any CPU = Release|Any CPU
	EndGlobalSection
	GlobalSection(ProjectConfigurationPlatforms) = postSolution
		{31316DF7-5293-4235-B299-1C172A9BFF79}.Debug|Any CPU.ActiveCfg = Debug|Any CPU
		{31316DF7-5293-4235-B299-1C172A9BFF79}.Debug|Any CPU.Build.0 = Debug|Any CPU
		{31316DF7-5293-4235-B299-1C172A9BFF79}.Release|Any CPU.ActiveCfg = Release|Any CPU
		{31316DF7-5293-4235-B299-1C172A9BFF79}.Release|Any CPU.Build.0 = Release|Any CPU
		{04E6ED91-9775-4ABE-9B09-12FE6CE8CB36}.Debug|Any CPU.ActiveCfg = Debug|Any CPU
		{04E6ED91-9775-4ABE-9B09-12FE6CE8CB36}.Debug|Any CPU.Build.0 = Debug|Any CPU
		{04E6ED91-9775-4ABE-9B09-12FE6CE8CB36}.Release|Any CPU.ActiveCfg = Release|Any CPU
		{04E6ED91-9775-4ABE-9B09-12FE6CE8CB36}.Release|Any CPU.Build.0 = Release|Any CPU
		{799D94B8-6301-46C2-AFEF-D783429EDF24}.Debug|Any CPU.ActiveCfg = Debug|Any CPU
		{799D94B8-6301-46C2-AFEF-D783429EDF24}.Debug|Any CPU.Build.0 = Debug|Any CPU
		{799D94B8-6301-46C2-AFEF-D783429EDF24}.Release|Any CPU.ActiveCfg = Release|Any CPU
		{799D94B8-6301-46C2-AFEF-D783429EDF24}.Release|Any CPU.Build.0 = Release|Any CPU
		{B6074FAB-7851-44CB-B149-13DF33DA886B}.Debug|Any CPU.ActiveCfg = Debug|Any CPU
		{B6074FAB-7851-44CB-B149-13DF33DA886B}.Debug|Any CPU.Build.0 = Debug|Any CPU
		{B6074FAB-7851-44CB-B149-13DF33DA886B}.Release|Any CPU.ActiveCfg = Release|Any CPU
		{B6074FAB-7851-44CB-B149-13DF33DA886B}.Release|Any CPU.Build.0 = Release|Any CPU
		{0207FD36-B7E8-4B35-AAF4-B01A4E4E9286}.Debug|Any CPU.ActiveCfg = Debug|Any CPU
		{0207FD36-B7E8-4B35-AAF4-B01A4E4E9286}.Debug|Any CPU.Build.0 = Debug|Any CPU
		{0207FD36-B7E8-4B35-AAF4-B01A4E4E9286}.Release|Any CPU.ActiveCfg = Release|Any CPU
		{0207FD36-B7E8-4B35-AAF4-B01A4E4E9286}.Release|Any CPU.Build.0 = Release|Any CPU
		{6832C9C3-68A5-4399-9689-2BF995222B72}.Debug|Any CPU.ActiveCfg = Debug|Any CPU
		{6832C9C3-68A5-4399-9689-2BF995222B72}.Debug|Any CPU.Build.0 = Debug|Any CPU
		{6832C9C3-68A5-4399-9689-2BF995222B72}.Release|Any CPU.ActiveCfg = Release|Any CPU
		{6832C9C3-68A5-4399-9689-2BF995222B72}.Release|Any CPU.Build.0 = Release|Any CPU
		{2646B9F8-5016-4F27-802D-C1C01D60AC73}.Debug|Any CPU.ActiveCfg = Debug|Any CPU
		{2646B9F8-5016-4F27-802D-C1C01D60AC73}.Debug|Any CPU.Build.0 = Debug|Any CPU
		{2646B9F8-5016-4F27-802D-C1C01D60AC73}.Release|Any CPU.ActiveCfg = Release|Any CPU
		{2646B9F8-5016-4F27-802D-C1C01D60AC73}.Release|Any CPU.Build.0 = Release|Any CPU
		{709C5AAF-8909-4C19-9689-182BCC6707D0}.Debug|Any CPU.ActiveCfg = Debug|Any CPU
		{709C5AAF-8909-4C19-9689-182BCC6707D0}.Debug|Any CPU.Build.0 = Debug|Any CPU
		{709C5AAF-8909-4C19-9689-182BCC6707D0}.Release|Any CPU.ActiveCfg = Release|Any CPU
		{709C5AAF-8909-4C19-9689-182BCC6707D0}.Release|Any CPU.Build.0 = Release|Any CPU
		{A01AE1E2-E833-4822-B29B-E07CB69B572F}.Debug|Any CPU.ActiveCfg = Debug|Any CPU
		{A01AE1E2-E833-4822-B29B-E07CB69B572F}.Debug|Any CPU.Build.0 = Debug|Any CPU
		{A01AE1E2-E833-4822-B29B-E07CB69B572F}.Release|Any CPU.ActiveCfg = Release|Any CPU
		{A01AE1E2-E833-4822-B29B-E07CB69B572F}.Release|Any CPU.Build.0 = Release|Any CPU
		{611C32E3-FB8C-448E-B798-CC7CE1712EF5}.Debug|Any CPU.ActiveCfg = Debug|Any CPU
		{611C32E3-FB8C-448E-B798-CC7CE1712EF5}.Debug|Any CPU.Build.0 = Debug|Any CPU
		{611C32E3-FB8C-448E-B798-CC7CE1712EF5}.Release|Any CPU.ActiveCfg = Release|Any CPU
		{611C32E3-FB8C-448E-B798-CC7CE1712EF5}.Release|Any CPU.Build.0 = Release|Any CPU
		{2BDCE683-FE10-4B7E-8934-084E24CBA705}.Debug|Any CPU.ActiveCfg = Debug|Any CPU
		{2BDCE683-FE10-4B7E-8934-084E24CBA705}.Debug|Any CPU.Build.0 = Debug|Any CPU
		{2BDCE683-FE10-4B7E-8934-084E24CBA705}.Release|Any CPU.ActiveCfg = Release|Any CPU
		{2BDCE683-FE10-4B7E-8934-084E24CBA705}.Release|Any CPU.Build.0 = Release|Any CPU
	EndGlobalSection
	GlobalSection(SolutionProperties) = preSolution
		HideSolutionNode = FALSE
	EndGlobalSection
	GlobalSection(NestedProjects) = preSolution
		{A24751FF-1CEB-495B-B0C0-95785688075B} = {2C04848E-A91C-40FB-B079-32EBCE7EEA33}
		{9431D073-7AF1-4C31-9CEF-30FBC6AC1EC6} = {2C04848E-A91C-40FB-B079-32EBCE7EEA33}
		{A01AE1E2-E833-4822-B29B-E07CB69B572F} = {2C04848E-A91C-40FB-B079-32EBCE7EEA33}
		{2646B9F8-5016-4F27-802D-C1C01D60AC73} = {A24751FF-1CEB-495B-B0C0-95785688075B}
		{799D94B8-6301-46C2-AFEF-D783429EDF24} = {A24751FF-1CEB-495B-B0C0-95785688075B}
		{31316DF7-5293-4235-B299-1C172A9BFF79} = {A24751FF-1CEB-495B-B0C0-95785688075B}
		{2BDCE683-FE10-4B7E-8934-084E24CBA705} = {A24751FF-1CEB-495B-B0C0-95785688075B}
		{B6074FAB-7851-44CB-B149-13DF33DA886B} = {0821FFC6-038F-492B-9891-0E85EEB68237}
		{0207FD36-B7E8-4B35-AAF4-B01A4E4E9286} = {0821FFC6-038F-492B-9891-0E85EEB68237}
		{6832C9C3-68A5-4399-9689-2BF995222B72} = {0821FFC6-038F-492B-9891-0E85EEB68237}
		{611C32E3-FB8C-448E-B798-CC7CE1712EF5} = {0821FFC6-038F-492B-9891-0E85EEB68237}
		{709C5AAF-8909-4C19-9689-182BCC6707D0} = {9431D073-7AF1-4C31-9CEF-30FBC6AC1EC6}
	EndGlobalSection
EndGlobal
